
Microsoft Visual Studio Solution File, Format Version 12.00
Project("{FAE04EC0-301F-11D3-BF4B-00C04F79EFBC}") = "SqlServerMonitor.Core", "SqlServerMonitor.Core\SqlServerMonitor.Core.csproj", "{A1FDA20D-1CF2-4B65-B40C-A8037387E28F}"
EndProject
Project("{FAE04EC0-301F-11D3-BF4B-00C04F79EFBC}") = "SqlServerMonitor.Functions", "SqlServerMonitor.Functions\SqlServerMonitor.Functions.csproj", "{05A315F7-B0FA-4B68-8699-CAF45B8B4E31}"
EndProject
Project("{2150E333-8FDC-42A3-9474-1A3956D46DE8}") = "98. Solution Items", "98. Solution Items", "{E7B7AF2F-988C-41C0-9E9A-CC38C1805312}"
	ProjectSection(SolutionItems) = preProject
		readme.md = readme.md
	EndProjectSection
EndProject
Global
	GlobalSection(SolutionConfigurationPlatforms) = preSolution
		Debug|Any CPU = Debug|Any CPU
		Release|Any CPU = Release|Any CPU
	EndGlobalSection
	GlobalSection(ProjectConfigurationPlatforms) = postSolution
		{A1FDA20D-1CF2-4B65-B40C-A8037387E28F}.Debug|Any CPU.ActiveCfg = Debug|Any CPU
		{A1FDA20D-1CF2-4B65-B40C-A8037387E28F}.Debug|Any CPU.Build.0 = Debug|Any CPU
		{A1FDA20D-1CF2-4B65-B40C-A8037387E28F}.Release|Any CPU.ActiveCfg = Release|Any CPU
		{A1FDA20D-1CF2-4B65-B40C-A8037387E28F}.Release|Any CPU.Build.0 = Release|Any CPU
		{05A315F7-B0FA-4B68-8699-CAF45B8B4E31}.Debug|Any CPU.ActiveCfg = Debug|Any CPU
		{05A315F7-B0FA-4B68-8699-CAF45B8B4E31}.Debug|Any CPU.Build.0 = Debug|Any CPU
		{05A315F7-B0FA-4B68-8699-CAF45B8B4E31}.Release|Any CPU.ActiveCfg = Release|Any CPU
		{05A315F7-B0FA-4B68-8699-CAF45B8B4E31}.Release|Any CPU.Build.0 = Release|Any CPU
	EndGlobalSection
EndGlobal
